
Microsoft Visual Studio Solution File, Format Version 12.00
# Visual Studio Version 16
VisualStudioVersion = 16.0.31702.278
MinimumVisualStudioVersion = 10.0.40219.1
Project("{FAE04EC0-301F-11D3-BF4B-00C04F79EFBC}") = "CupcakeEntity", "CupcakeEntity.csproj", "{E114FB27-119D-498F-B942-6E39CE97D5F6}"
EndProject
Global
	GlobalSection(SolutionConfigurationPlatforms) = preSolution
		Debug|Any CPU = Debug|Any CPU
		Release|Any CPU = Release|Any CPU
	EndGlobalSection
	GlobalSection(ProjectConfigurationPlatforms) = postSolution
		{E114FB27-119D-498F-B942-6E39CE97D5F6}.Debug|Any CPU.ActiveCfg = Debug|Any CPU
		{E114FB27-119D-498F-B942-6E39CE97D5F6}.Debug|Any CPU.Build.0 = Debug|Any CPU
		{E114FB27-119D-498F-B942-6E39CE97D5F6}.Release|Any CPU.ActiveCfg = Release|Any CPU
		{E114FB27-119D-498F-B942-6E39CE97D5F6}.Release|Any CPU.Build.0 = Release|Any CPU
	EndGlobalSection
	GlobalSection(SolutionProperties) = preSolution
		HideSolutionNode = FALSE
	EndGlobalSection
	GlobalSection(ExtensibilityGlobals) = postSolution
		SolutionGuid = {AD5AA730-C21F-487F-84AA-3545652F9559}
	EndGlobalSection
EndGlobal
